
Microsoft Visual Studio Solution File, Format Version 12.00
# Visual Studio 15
VisualStudioVersion = 15.0.28010.2046
MinimumVisualStudioVersion = 10.0.40219.1
Project("{8BC9CEB8-8B4A-11D0-8D11-00A0C91BC942}") = "P01", "P01\P01.vcxproj", "{0680633A-9490-43BD-8759-0E9B7DDBBA00}"
EndProject
Project("{8BC9CEB8-8B4A-11D0-8D11-00A0C91BC942}") = "P01_2", "P01_2\P01_2.vcxproj", "{510FC415-B983-40C2-A1B2-8E04529712C9}"
EndProject
Project("{8BC9CEB8-8B4A-11D0-8D11-00A0C91BC942}") = "P01_3", "P01_3\P01_3.vcxproj", "{5E9A902F-D172-4A84-9391-88BD6EF18E66}"
EndProject
Project("{8BC9CEB8-8B4A-11D0-8D11-00A0C91BC942}") = "P02_1_Ring", "P02_1_Ring\P02_1_Ring.vcxproj", "{CE51DECA-CF36-4CD9-87DE-00D8F96EA9FE}"
EndProject
Project("{8BC9CEB8-8B4A-11D0-8D11-00A0C91BC942}") = "P02_2_Baum", "P02_2_Baum\P02_2_Baum.vcxproj", "{2754654F-5AF8-4AD4-90B3-96A77C0438BC}"
EndProject
Project("{8BC9CEB8-8B4A-11D0-8D11-00A0C91BC942}") = "P03_RSBaum", "P03_RSBaum\P03_RSBaum.vcxproj", "{315DED28-767D-419F-8B96-9BDBBBB7A14A}"
EndProject
Project("{8BC9CEB8-8B4A-11D0-8D11-00A0C91BC942}") = "P04_Sorting", "P04_Sorting\P04_Sorting.vcxproj", "{C77D7CB2-FD69-4619-8882-0E1DC4C8BE0A}"
EndProject
Project("{8BC9CEB8-8B4A-11D0-8D11-00A0C91BC942}") = "P05_Graph", "P05_Graph\P05_Graph.vcxproj", "{686B0774-C1DA-487A-9669-FE7CA4C59F33}"
EndProject
Global
	GlobalSection(SolutionConfigurationPlatforms) = preSolution
		Debug|x64 = Debug|x64
		Debug|x86 = Debug|x86
		Release|x64 = Release|x64
		Release|x86 = Release|x86
	EndGlobalSection
	GlobalSection(ProjectConfigurationPlatforms) = postSolution
		{0680633A-9490-43BD-8759-0E9B7DDBBA00}.Debug|x64.ActiveCfg = Debug|x64
		{0680633A-9490-43BD-8759-0E9B7DDBBA00}.Debug|x64.Build.0 = Debug|x64
		{0680633A-9490-43BD-8759-0E9B7DDBBA00}.Debug|x86.ActiveCfg = Debug|Win32
		{0680633A-9490-43BD-8759-0E9B7DDBBA00}.Debug|x86.Build.0 = Debug|Win32
		{0680633A-9490-43BD-8759-0E9B7DDBBA00}.Release|x64.ActiveCfg = Release|x64
		{0680633A-9490-43BD-8759-0E9B7DDBBA00}.Release|x64.Build.0 = Release|x64
		{0680633A-9490-43BD-8759-0E9B7DDBBA00}.Release|x86.ActiveCfg = Release|Win32
		{0680633A-9490-43BD-8759-0E9B7DDBBA00}.Release|x86.Build.0 = Release|Win32
		{510FC415-B983-40C2-A1B2-8E04529712C9}.Debug|x64.ActiveCfg = Debug|x64
		{510FC415-B983-40C2-A1B2-8E04529712C9}.Debug|x64.Build.0 = Debug|x64
		{510FC415-B983-40C2-A1B2-8E04529712C9}.Debug|x86.ActiveCfg = Debug|Win32
		{510FC415-B983-40C2-A1B2-8E04529712C9}.Debug|x86.Build.0 = Debug|Win32
		{510FC415-B983-40C2-A1B2-8E04529712C9}.Release|x64.ActiveCfg = Release|x64
		{510FC415-B983-40C2-A1B2-8E04529712C9}.Release|x64.Build.0 = Release|x64
		{510FC415-B983-40C2-A1B2-8E04529712C9}.Release|x86.ActiveCfg = Release|Win32
		{510FC415-B983-40C2-A1B2-8E04529712C9}.Release|x86.Build.0 = Release|Win32
		{5E9A902F-D172-4A84-9391-88BD6EF18E66}.Debug|x64.ActiveCfg = Debug|x64
		{5E9A902F-D172-4A84-9391-88BD6EF18E66}.Debug|x64.Build.0 = Debug|x64
		{5E9A902F-D172-4A84-9391-88BD6EF18E66}.Debug|x86.ActiveCfg = Debug|Win32
		{5E9A902F-D172-4A84-9391-88BD6EF18E66}.Debug|x86.Build.0 = Debug|Win32
		{5E9A902F-D172-4A84-9391-88BD6EF18E66}.Release|x64.ActiveCfg = Release|x64
		{5E9A902F-D172-4A84-9391-88BD6EF18E66}.Release|x64.Build.0 = Release|x64
		{5E9A902F-D172-4A84-9391-88BD6EF18E66}.Release|x86.ActiveCfg = Release|Win32
		{5E9A902F-D172-4A84-9391-88BD6EF18E66}.Release|x86.Build.0 = Release|Win32
		{CE51DECA-CF36-4CD9-87DE-00D8F96EA9FE}.Debug|x64.ActiveCfg = Debug|x64
		{CE51DECA-CF36-4CD9-87DE-00D8F96EA9FE}.Debug|x64.Build.0 = Debug|x64
		{CE51DECA-CF36-4CD9-87DE-00D8F96EA9FE}.Debug|x86.ActiveCfg = Debug|Win32
		{CE51DECA-CF36-4CD9-87DE-00D8F96EA9FE}.Debug|x86.Build.0 = Debug|Win32
		{CE51DECA-CF36-4CD9-87DE-00D8F96EA9FE}.Release|x64.ActiveCfg = Release|x64
		{CE51DECA-CF36-4CD9-87DE-00D8F96EA9FE}.Release|x64.Build.0 = Release|x64
		{CE51DECA-CF36-4CD9-87DE-00D8F96EA9FE}.Release|x86.ActiveCfg = Release|Win32
		{CE51DECA-CF36-4CD9-87DE-00D8F96EA9FE}.Release|x86.Build.0 = Release|Win32
		{2754654F-5AF8-4AD4-90B3-96A77C0438BC}.Debug|x64.ActiveCfg = Debug|x64
		{2754654F-5AF8-4AD4-90B3-96A77C0438BC}.Debug|x64.Build.0 = Debug|x64
		{2754654F-5AF8-4AD4-90B3-96A77C0438BC}.Debug|x86.ActiveCfg = Debug|Win32
		{2754654F-5AF8-4AD4-90B3-96A77C0438BC}.Debug|x86.Build.0 = Debug|Win32
		{2754654F-5AF8-4AD4-90B3-96A77C0438BC}.Release|x64.ActiveCfg = Release|x64
		{2754654F-5AF8-4AD4-90B3-96A77C0438BC}.Release|x64.Build.0 = Release|x64
		{2754654F-5AF8-4AD4-90B3-96A77C0438BC}.Release|x86.ActiveCfg = Release|Win32
		{2754654F-5AF8-4AD4-90B3-96A77C0438BC}.Release|x86.Build.0 = Release|Win32
		{315DED28-767D-419F-8B96-9BDBBBB7A14A}.Debug|x64.ActiveCfg = Debug|x64
		{315DED28-767D-419F-8B96-9BDBBBB7A14A}.Debug|x64.Build.0 = Debug|x64
		{315DED28-767D-419F-8B96-9BDBBBB7A14A}.Debug|x86.ActiveCfg = Debug|Win32
		{315DED28-767D-419F-8B96-9BDBBBB7A14A}.Debug|x86.Build.0 = Debug|Win32
		{315DED28-767D-419F-8B96-9BDBBBB7A14A}.Release|x64.ActiveCfg = Release|x64
		{315DED28-767D-419F-8B96-9BDBBBB7A14A}.Release|x64.Build.0 = Release|x64
		{315DED28-767D-419F-8B96-9BDBBBB7A14A}.Release|x86.ActiveCfg = Release|Win32
		{315DED28-767D-419F-8B96-9BDBBBB7A14A}.Release|x86.Build.0 = Release|Win32
		{C77D7CB2-FD69-4619-8882-0E1DC4C8BE0A}.Debug|x64.ActiveCfg = Debug|x64
		{C77D7CB2-FD69-4619-8882-0E1DC4C8BE0A}.Debug|x64.Build.0 = Debug|x64
		{C77D7CB2-FD69-4619-8882-0E1DC4C8BE0A}.Debug|x86.ActiveCfg = Debug|Win32
		{C77D7CB2-FD69-4619-8882-0E1DC4C8BE0A}.Debug|x86.Build.0 = Debug|Win32
		{C77D7CB2-FD69-4619-8882-0E1DC4C8BE0A}.Release|x64.ActiveCfg = Release|x64
		{C77D7CB2-FD69-4619-8882-0E1DC4C8BE0A}.Release|x64.Build.0 = Release|x64
		{C77D7CB2-FD69-4619-8882-0E1DC4C8BE0A}.Release|x86.ActiveCfg = Release|Win32
		{C77D7CB2-FD69-4619-8882-0E1DC4C8BE0A}.Release|x86.Build.0 = Release|Win32
		{686B0774-C1DA-487A-9669-FE7CA4C59F33}.Debug|x64.ActiveCfg = Debug|x64
		{686B0774-C1DA-487A-9669-FE7CA4C59F33}.Debug|x64.Build.0 = Debug|x64
		{686B0774-C1DA-487A-9669-FE7CA4C59F33}.Debug|x86.ActiveCfg = Debug|Win32
		{686B0774-C1DA-487A-9669-FE7CA4C59F33}.Debug|x86.Build.0 = Debug|Win32
		{686B0774-C1DA-487A-9669-FE7CA4C59F33}.Release|x64.ActiveCfg = Release|x64
		{686B0774-C1DA-487A-9669-FE7CA4C59F33}.Release|x64.Build.0 = Release|x64
		{686B0774-C1DA-487A-9669-FE7CA4C59F33}.Release|x86.ActiveCfg = Release|Win32
		{686B0774-C1DA-487A-9669-FE7CA4C59F33}.Release|x86.Build.0 = Release|Win32
	EndGlobalSection
	GlobalSection(SolutionProperties) = preSolution
		HideSolutionNode = FALSE
	EndGlobalSection
	GlobalSection(ExtensibilityGlobals) = postSolution
		SolutionGuid = {9F3DF68B-9947-457D-80C2-D6D712AF5427}
	EndGlobalSection
EndGlobal
